{
    "name": "wipple-tests",
    "lockfileVersion": 3,
    "requires": true,
    "packages": {
        "": {
            "name": "wipple-tests",
            "dependencies": {
                "wipple-compiler": "file:../compiler",
                "wipple-interpreter": "file:../interpreter"
            },
            "devDependencies": {
                "@types/bun": "^1.0.4",
                "typescript": "^5.3.3"
            }
        },
        "../compiler": {
            "name": "wipple-compiler",
            "devDependencies": {
                "@types/node": "^20.11.0",
                "esbuild": "^0.19.11",
                "esbuild-plugin-wasm": "^1.1.0",
                "typescript": "^5.3.3"
            }
        },
        "../interpreter": {
            "name": "wipple-interpreter",
            "dependencies": {
                "decimal.js": "^10.4.3",
                "immer": "^10.0.3"
            },
            "devDependencies": {
                "@types/node": "^20.11.0",
                "esbuild": "^0.19.11",
                "typescript": "^5.3.3"
            }
        },
        "node_modules/@types/bun": {
            "version": "1.0.4",
            "resolved": "https://registry.npmjs.org/@types/bun/-/bun-1.0.4.tgz",
            "integrity": "sha512-2DO7sqwtpko3d3XP2kLpJsOkV12sSRt8cFR955JVB60m1DiXE56T+gJq+DcCczQ5khxgCDQKkyBRlgg5VH33Dw==",
            "dev": true,
            "dependencies": {
                "bun-types": "1.0.25"
            }
        },
        "node_modules/@types/node": {
            "version": "20.11.5",
            "resolved": "https://registry.npmjs.org/@types/node/-/node-20.11.5.tgz",
            "integrity": "sha512-g557vgQjUUfN76MZAN/dt1z3dzcUsimuysco0KeluHgrPdJXkP/XdAURgyO2W9fZWHRtRBiVKzKn8vyOAwlG+w==",
            "dev": true,
            "dependencies": {
                "undici-types": "~5.26.4"
            }
        },
        "node_modules/@types/ws": {
            "version": "8.5.10",
            "resolved": "https://registry.npmjs.org/@types/ws/-/ws-8.5.10.tgz",
            "integrity": "sha512-vmQSUcfalpIq0R9q7uTo2lXs6eGIpt9wtnLdMv9LVpIjCA/+ufZRozlVoVelIYixx1ugCBKDhn89vnsEGOCx9A==",
            "dev": true,
            "dependencies": {
                "@types/node": "*"
            }
        },
        "node_modules/bun-types": {
            "version": "1.0.25",
            "resolved": "https://registry.npmjs.org/bun-types/-/bun-types-1.0.25.tgz",
            "integrity": "sha512-9lxeUR/OJsvlZH4GOWteiAdx7ikrSxCUX7Rr0JJux+DrR3LejouVLxIZnTeQ3UPAZovvSgKivWeHPJ2wlo7/Kg==",
            "dev": true,
            "dependencies": {
                "@types/node": "*",
                "@types/ws": "*",
                "undici-types": "^5.26.4"
            }
        },
        "node_modules/typescript": {
            "version": "5.3.3",
            "resolved": "https://registry.npmjs.org/typescript/-/typescript-5.3.3.tgz",
            "integrity": "sha512-pXWcraxM0uxAS+tN0AG/BF2TyqmHO014Z070UsJ+pFvYuRSq8KH8DmWpnbXe0pEPDHXZV3FcAbJkijJ5oNEnWw==",
            "dev": true,
            "bin": {
                "tsc": "bin/tsc",
                "tsserver": "bin/tsserver"
            },
            "engines": {
                "node": ">=14.17"
            }
        },
        "node_modules/undici-types": {
            "version": "5.26.5",
            "resolved": "https://registry.npmjs.org/undici-types/-/undici-types-5.26.5.tgz",
            "integrity": "sha512-JlCMO+ehdEIKqlFxk6IfVoAUVmgz7cU7zD/h9XZ0qzeosSHmUJVOzSQvvYSYWXkFXC+IfLKSIffhv0sVZup6pA==",
            "dev": true
        },
        "node_modules/wipple-compiler": {
            "resolved": "../compiler",
            "link": true
        },
        "node_modules/wipple-interpreter": {
            "resolved": "../interpreter",
            "link": true
        }
    }
}
