// !$*UTF8*$!
{
	archiveVersion = 1;
	classes = {
	};
	objectVersion = 56;
	objects = {

/* Begin PBXBuildFile section */
		C85461922C30A8CA0037F487 /* icon-playground.png in Resources */ = {isa = PBXBuildFile; fileRef = C85461912C30A8CA0037F487 /* icon-playground.png */; };
		C86865EA2C34227B0046EF42 /* SwiftyJSON in Frameworks */ = {isa = PBXBuildFile; productRef = C86865E92C34227B0046EF42 /* SwiftyJSON */; };
		C89D94C42C2F1D12006FC09C /* NanoID in Frameworks */ = {isa = PBXBuildFile; productRef = C89D94C32C2F1D12006FC09C /* NanoID */; };
		C8D6CF002C3397AF003F42A4 /* WelcomeScene.swift in Sources */ = {isa = PBXBuildFile; fileRef = C8D6CEFF2C3397AF003F42A4 /* WelcomeScene.swift */; };
		C8D6CF022C3397C3003F42A4 /* LessonPicker.swift in Sources */ = {isa = PBXBuildFile; fileRef = C8D6CF012C3397C3003F42A4 /* LessonPicker.swift */; };
		C8DA52E62C2F1B17007D0ACB /* App.swift in Sources */ = {isa = PBXBuildFile; fileRef = C8DA52E52C2F1B17007D0ACB /* App.swift */; };
		C8DA52E82C2F1B17007D0ACB /* PlaygroundDocument.swift in Sources */ = {isa = PBXBuildFile; fileRef = C8DA52E72C2F1B17007D0ACB /* PlaygroundDocument.swift */; };
		C8DA52EA2C2F1B17007D0ACB /* EditorView.swift in Sources */ = {isa = PBXBuildFile; fileRef = C8DA52E92C2F1B17007D0ACB /* EditorView.swift */; };
		C8DA52EC2C2F1B18007D0ACB /* Assets.xcassets in Resources */ = {isa = PBXBuildFile; fileRef = C8DA52EB2C2F1B18007D0ACB /* Assets.xcassets */; };
		C8E583D32C2F26A200BF5825 /* dist in Resources */ = {isa = PBXBuildFile; fileRef = C8E583D22C2F26A200BF5825 /* dist */; };
		C8E583D62C2F27DF00BF5825 /* Telegraph in Frameworks */ = {isa = PBXBuildFile; productRef = C8E583D52C2F27DF00BF5825 /* Telegraph */; };
/* End PBXBuildFile section */

/* Begin PBXFileReference section */
		C85461912C30A8CA0037F487 /* icon-playground.png */ = {isa = PBXFileReference; lastKnownFileType = image.png; path = "icon-playground.png"; sourceTree = "<group>"; };
		C8D6CEFF2C3397AF003F42A4 /* WelcomeScene.swift */ = {isa = PBXFileReference; lastKnownFileType = sourcecode.swift; path = WelcomeScene.swift; sourceTree = "<group>"; };
		C8D6CF012C3397C3003F42A4 /* LessonPicker.swift */ = {isa = PBXFileReference; lastKnownFileType = sourcecode.swift; path = LessonPicker.swift; sourceTree = "<group>"; };
		C8DA52E22C2F1B17007D0ACB /* Wipple.app */ = {isa = PBXFileReference; explicitFileType = wrapper.application; includeInIndex = 0; path = Wipple.app; sourceTree = BUILT_PRODUCTS_DIR; };
		C8DA52E52C2F1B17007D0ACB /* App.swift */ = {isa = PBXFileReference; lastKnownFileType = sourcecode.swift; path = App.swift; sourceTree = "<group>"; };
		C8DA52E72C2F1B17007D0ACB /* PlaygroundDocument.swift */ = {isa = PBXFileReference; lastKnownFileType = sourcecode.swift; path = PlaygroundDocument.swift; sourceTree = "<group>"; };
		C8DA52E92C2F1B17007D0ACB /* EditorView.swift */ = {isa = PBXFileReference; lastKnownFileType = sourcecode.swift; path = EditorView.swift; sourceTree = "<group>"; };
		C8DA52EB2C2F1B18007D0ACB /* Assets.xcassets */ = {isa = PBXFileReference; lastKnownFileType = folder.assetcatalog; path = Assets.xcassets; sourceTree = "<group>"; };
		C8DA52F02C2F1B18007D0ACB /* Info.plist */ = {isa = PBXFileReference; lastKnownFileType = text.plist.xml; path = Info.plist; sourceTree = "<group>"; };
		C8E583D22C2F26A200BF5825 /* dist */ = {isa = PBXFileReference; lastKnownFileType = folder; name = dist; path = wrapper/dist; sourceTree = SOURCE_ROOT; };
/* End PBXFileReference section */

/* Begin PBXFrameworksBuildPhase section */
		C8DA52DF2C2F1B17007D0ACB /* Frameworks */ = {
			isa = PBXFrameworksBuildPhase;
			buildActionMask = 2147483647;
			files = (
				C86865EA2C34227B0046EF42 /* SwiftyJSON in Frameworks */,
				C8E583D62C2F27DF00BF5825 /* Telegraph in Frameworks */,
				C89D94C42C2F1D12006FC09C /* NanoID in Frameworks */,
			);
			runOnlyForDeploymentPostprocessing = 0;
		};
/* End PBXFrameworksBuildPhase section */

/* Begin PBXGroup section */
		C854618F2C30A8B80037F487 /* Assets */ = {
			isa = PBXGroup;
			children = (
				C85461902C30A8C20037F487 /* Icons */,
				C8DA52EB2C2F1B18007D0ACB /* Assets.xcassets */,
			);
			path = Assets;
			sourceTree = "<group>";
		};
		C85461902C30A8C20037F487 /* Icons */ = {
			isa = PBXGroup;
			children = (
				C85461912C30A8CA0037F487 /* icon-playground.png */,
			);
			path = Icons;
			sourceTree = "<group>";
		};
		C8DA52D92C2F1B17007D0ACB = {
			isa = PBXGroup;
			children = (
				C8DA52E42C2F1B17007D0ACB /* Wipple */,
				C8DA52E32C2F1B17007D0ACB /* Products */,
			);
			sourceTree = "<group>";
		};
		C8DA52E32C2F1B17007D0ACB /* Products */ = {
			isa = PBXGroup;
			children = (
				C8DA52E22C2F1B17007D0ACB /* Wipple.app */,
			);
			name = Products;
			sourceTree = "<group>";
		};
		C8DA52E42C2F1B17007D0ACB /* Wipple */ = {
			isa = PBXGroup;
			children = (
				C8E583D22C2F26A200BF5825 /* dist */,
				C8DA52F02C2F1B18007D0ACB /* Info.plist */,
				C854618F2C30A8B80037F487 /* Assets */,
				C8DA52E52C2F1B17007D0ACB /* App.swift */,
				C8DA52E72C2F1B17007D0ACB /* PlaygroundDocument.swift */,
				C8DA52E92C2F1B17007D0ACB /* EditorView.swift */,
				C8D6CEFF2C3397AF003F42A4 /* WelcomeScene.swift */,
				C8D6CF012C3397C3003F42A4 /* LessonPicker.swift */,
			);
			path = Wipple;
			sourceTree = "<group>";
		};
/* End PBXGroup section */

/* Begin PBXNativeTarget section */
		C8DA52E12C2F1B17007D0ACB /* Wipple */ = {
			isa = PBXNativeTarget;
			buildConfigurationList = C8DA52F32C2F1B18007D0ACB /* Build configuration list for PBXNativeTarget "Wipple" */;
			buildPhases = (
				C8DA52DE2C2F1B17007D0ACB /* Sources */,
				C8DA52DF2C2F1B17007D0ACB /* Frameworks */,
				C8DA52E02C2F1B17007D0ACB /* Resources */,
			);
			buildRules = (
			);
			dependencies = (
			);
			name = Wipple;
			packageProductDependencies = (
				C89D94C32C2F1D12006FC09C /* NanoID */,
				C8E583D52C2F27DF00BF5825 /* Telegraph */,
				C86865E92C34227B0046EF42 /* SwiftyJSON */,
			);
			productName = Wipple;
			productReference = C8DA52E22C2F1B17007D0ACB /* Wipple.app */;
			productType = "com.apple.product-type.application";
		};
/* End PBXNativeTarget section */

/* Begin PBXProject section */
		C8DA52DA2C2F1B17007D0ACB /* Project object */ = {
			isa = PBXProject;
			attributes = {
				BuildIndependentTargetsInParallel = 1;
				LastSwiftUpdateCheck = 1540;
				LastUpgradeCheck = 1540;
				TargetAttributes = {
					C8DA52E12C2F1B17007D0ACB = {
						CreatedOnToolsVersion = 15.4;
					};
				};
			};
			buildConfigurationList = C8DA52DD2C2F1B17007D0ACB /* Build configuration list for PBXProject "Wipple" */;
			compatibilityVersion = "Xcode 14.0";
			developmentRegion = en;
			hasScannedForEncodings = 0;
			knownRegions = (
				en,
				Base,
			);
			mainGroup = C8DA52D92C2F1B17007D0ACB;
			packageReferences = (
				C89D94C22C2F1D12006FC09C /* XCRemoteSwiftPackageReference "NanoID" */,
				C8E583D42C2F27DF00BF5825 /* XCRemoteSwiftPackageReference "Telegraph" */,
				C86865E82C34227B0046EF42 /* XCRemoteSwiftPackageReference "SwiftyJSON" */,
			);
			productRefGroup = C8DA52E32C2F1B17007D0ACB /* Products */;
			projectDirPath = "";
			projectRoot = "";
			targets = (
				C8DA52E12C2F1B17007D0ACB /* Wipple */,
			);
		};
/* End PBXProject section */

/* Begin PBXResourcesBuildPhase section */
		C8DA52E02C2F1B17007D0ACB /* Resources */ = {
			isa = PBXResourcesBuildPhase;
			buildActionMask = 2147483647;
			files = (
				C8E583D32C2F26A200BF5825 /* dist in Resources */,
				C8DA52EC2C2F1B18007D0ACB /* Assets.xcassets in Resources */,
				C85461922C30A8CA0037F487 /* icon-playground.png in Resources */,
			);
			runOnlyForDeploymentPostprocessing = 0;
		};
/* End PBXResourcesBuildPhase section */

/* Begin PBXSourcesBuildPhase section */
		C8DA52DE2C2F1B17007D0ACB /* Sources */ = {
			isa = PBXSourcesBuildPhase;
			buildActionMask = 2147483647;
			files = (
				C8DA52E62C2F1B17007D0ACB /* App.swift in Sources */,
				C8DA52E82C2F1B17007D0ACB /* PlaygroundDocument.swift in Sources */,
				C8DA52EA2C2F1B17007D0ACB /* EditorView.swift in Sources */,
				C8D6CF002C3397AF003F42A4 /* WelcomeScene.swift in Sources */,
				C8D6CF022C3397C3003F42A4 /* LessonPicker.swift in Sources */,
			);
			runOnlyForDeploymentPostprocessing = 0;
		};
/* End PBXSourcesBuildPhase section */

/* Begin XCBuildConfiguration section */
		C8DA52F12C2F1B18007D0ACB /* Debug */ = {
			isa = XCBuildConfiguration;
			buildSettings = {
				ALWAYS_SEARCH_USER_PATHS = NO;
				ASSETCATALOG_COMPILER_GENERATE_SWIFT_ASSET_SYMBOL_EXTENSIONS = YES;
				CLANG_ANALYZER_NONNULL = YES;
				CLANG_ANALYZER_NUMBER_OBJECT_CONVERSION = YES_AGGRESSIVE;
				CLANG_CXX_LANGUAGE_STANDARD = "gnu++20";
				CLANG_ENABLE_MODULES = YES;
				CLANG_ENABLE_OBJC_ARC = YES;
				CLANG_ENABLE_OBJC_WEAK = YES;
				CLANG_WARN_BLOCK_CAPTURE_AUTORELEASING = YES;
				CLANG_WARN_BOOL_CONVERSION = YES;
				CLANG_WARN_COMMA = YES;
				CLANG_WARN_CONSTANT_CONVERSION = YES;
				CLANG_WARN_DEPRECATED_OBJC_IMPLEMENTATIONS = YES;
				CLANG_WARN_DIRECT_OBJC_ISA_USAGE = YES_ERROR;
				CLANG_WARN_DOCUMENTATION_COMMENTS = YES;
				CLANG_WARN_EMPTY_BODY = YES;
				CLANG_WARN_ENUM_CONVERSION = YES;
				CLANG_WARN_INFINITE_RECURSION = YES;
				CLANG_WARN_INT_CONVERSION = YES;
				CLANG_WARN_NON_LITERAL_NULL_CONVERSION = YES;
				CLANG_WARN_OBJC_IMPLICIT_RETAIN_SELF = YES;
				CLANG_WARN_OBJC_LITERAL_CONVERSION = YES;
				CLANG_WARN_OBJC_ROOT_CLASS = YES_ERROR;
				CLANG_WARN_QUOTED_INCLUDE_IN_FRAMEWORK_HEADER = YES;
				CLANG_WARN_RANGE_LOOP_ANALYSIS = YES;
				CLANG_WARN_STRICT_PROTOTYPES = YES;
				CLANG_WARN_SUSPICIOUS_MOVE = YES;
				CLANG_WARN_UNGUARDED_AVAILABILITY = YES_AGGRESSIVE;
				CLANG_WARN_UNREACHABLE_CODE = YES;
				CLANG_WARN__DUPLICATE_METHOD_MATCH = YES;
				COPY_PHASE_STRIP = NO;
				DEBUG_INFORMATION_FORMAT = dwarf;
				ENABLE_STRICT_OBJC_MSGSEND = YES;
				ENABLE_TESTABILITY = YES;
				ENABLE_USER_SCRIPT_SANDBOXING = YES;
				GCC_C_LANGUAGE_STANDARD = gnu17;
				GCC_DYNAMIC_NO_PIC = NO;
				GCC_NO_COMMON_BLOCKS = YES;
				GCC_OPTIMIZATION_LEVEL = 0;
				GCC_PREPROCESSOR_DEFINITIONS = (
					"DEBUG=1",
					"$(inherited)",
				);
				GCC_WARN_64_TO_32_BIT_CONVERSION = YES;
				GCC_WARN_ABOUT_RETURN_TYPE = YES_ERROR;
				GCC_WARN_UNDECLARED_SELECTOR = YES;
				GCC_WARN_UNINITIALIZED_AUTOS = YES_AGGRESSIVE;
				GCC_WARN_UNUSED_FUNCTION = YES;
				GCC_WARN_UNUSED_VARIABLE = YES;
				IPHONEOS_DEPLOYMENT_TARGET = 17.5;
				LOCALIZATION_PREFERS_STRING_CATALOGS = YES;
				MTL_ENABLE_DEBUG_INFO = INCLUDE_SOURCE;
				MTL_FAST_MATH = YES;
				ONLY_ACTIVE_ARCH = YES;
				SDKROOT = iphoneos;
				SWIFT_ACTIVE_COMPILATION_CONDITIONS = "DEBUG $(inherited)";
				SWIFT_OPTIMIZATION_LEVEL = "-Onone";
			};
			name = Debug;
		};
		C8DA52F22C2F1B18007D0ACB /* Release */ = {
			isa = XCBuildConfiguration;
			buildSettings = {
				ALWAYS_SEARCH_USER_PATHS = NO;
				ASSETCATALOG_COMPILER_GENERATE_SWIFT_ASSET_SYMBOL_EXTENSIONS = YES;
				CLANG_ANALYZER_NONNULL = YES;
				CLANG_ANALYZER_NUMBER_OBJECT_CONVERSION = YES_AGGRESSIVE;
				CLANG_CXX_LANGUAGE_STANDARD = "gnu++20";
				CLANG_ENABLE_MODULES = YES;
				CLANG_ENABLE_OBJC_ARC = YES;
				CLANG_ENABLE_OBJC_WEAK = YES;
				CLANG_WARN_BLOCK_CAPTURE_AUTORELEASING = YES;
				CLANG_WARN_BOOL_CONVERSION = YES;
				CLANG_WARN_COMMA = YES;
				CLANG_WARN_CONSTANT_CONVERSION = YES;
				CLANG_WARN_DEPRECATED_OBJC_IMPLEMENTATIONS = YES;
				CLANG_WARN_DIRECT_OBJC_ISA_USAGE = YES_ERROR;
				CLANG_WARN_DOCUMENTATION_COMMENTS = YES;
				CLANG_WARN_EMPTY_BODY = YES;
				CLANG_WARN_ENUM_CONVERSION = YES;
				CLANG_WARN_INFINITE_RECURSION = YES;
				CLANG_WARN_INT_CONVERSION = YES;
				CLANG_WARN_NON_LITERAL_NULL_CONVERSION = YES;
				CLANG_WARN_OBJC_IMPLICIT_RETAIN_SELF = YES;
				CLANG_WARN_OBJC_LITERAL_CONVERSION = YES;
				CLANG_WARN_OBJC_ROOT_CLASS = YES_ERROR;
				CLANG_WARN_QUOTED_INCLUDE_IN_FRAMEWORK_HEADER = YES;
				CLANG_WARN_RANGE_LOOP_ANALYSIS = YES;
				CLANG_WARN_STRICT_PROTOTYPES = YES;
				CLANG_WARN_SUSPICIOUS_MOVE = YES;
				CLANG_WARN_UNGUARDED_AVAILABILITY = YES_AGGRESSIVE;
				CLANG_WARN_UNREACHABLE_CODE = YES;
				CLANG_WARN__DUPLICATE_METHOD_MATCH = YES;
				COPY_PHASE_STRIP = NO;
				DEBUG_INFORMATION_FORMAT = "dwarf-with-dsym";
				ENABLE_NS_ASSERTIONS = NO;
				ENABLE_STRICT_OBJC_MSGSEND = YES;
				ENABLE_USER_SCRIPT_SANDBOXING = YES;
				GCC_C_LANGUAGE_STANDARD = gnu17;
				GCC_NO_COMMON_BLOCKS = YES;
				GCC_WARN_64_TO_32_BIT_CONVERSION = YES;
				GCC_WARN_ABOUT_RETURN_TYPE = YES_ERROR;
				GCC_WARN_UNDECLARED_SELECTOR = YES;
				GCC_WARN_UNINITIALIZED_AUTOS = YES_AGGRESSIVE;
				GCC_WARN_UNUSED_FUNCTION = YES;
				GCC_WARN_UNUSED_VARIABLE = YES;
				IPHONEOS_DEPLOYMENT_TARGET = 17.5;
				LOCALIZATION_PREFERS_STRING_CATALOGS = YES;
				MTL_ENABLE_DEBUG_INFO = NO;
				MTL_FAST_MATH = YES;
				SDKROOT = iphoneos;
				SWIFT_COMPILATION_MODE = wholemodule;
				VALIDATE_PRODUCT = YES;
			};
			name = Release;
		};
		C8DA52F42C2F1B18007D0ACB /* Debug */ = {
			isa = XCBuildConfiguration;
			buildSettings = {
				ASSETCATALOG_COMPILER_APPICON_NAME = AppIcon;
				ASSETCATALOG_COMPILER_GLOBAL_ACCENT_COLOR_NAME = AccentColor;
				CODE_SIGN_STYLE = Automatic;
				CURRENT_PROJECT_VERSION = 1;
				DEVELOPMENT_TEAM = D42D4S8LQX;
				ENABLE_PREVIEWS = YES;
				GENERATE_INFOPLIST_FILE = YES;
				INFOPLIST_FILE = Wipple/Info.plist;
				INFOPLIST_KEY_CFBundleDisplayName = Wipple;
				INFOPLIST_KEY_UIApplicationSceneManifest_Generation = YES;
				INFOPLIST_KEY_UIApplicationSupportsIndirectInputEvents = YES;
				INFOPLIST_KEY_UILaunchScreen_Generation = YES;
				INFOPLIST_KEY_UIRequiresFullScreen = NO;
				INFOPLIST_KEY_UISupportedInterfaceOrientations = "UIInterfaceOrientationLandscapeLeft UIInterfaceOrientationLandscapeRight UIInterfaceOrientationPortrait";
				INFOPLIST_KEY_UISupportedInterfaceOrientations_iPad = "UIInterfaceOrientationLandscapeLeft UIInterfaceOrientationLandscapeRight UIInterfaceOrientationPortrait UIInterfaceOrientationPortraitUpsideDown";
				INFOPLIST_KEY_UISupportsDocumentBrowser = YES;
				IPHONEOS_DEPLOYMENT_TARGET = 17.0;
				LD_RUNPATH_SEARCH_PATHS = (
					"$(inherited)",
					"@executable_path/Frameworks",
				);
				MARKETING_VERSION = 1.0;
				PRODUCT_BUNDLE_IDENTIFIER = org.wipple.playground.ios;
				PRODUCT_NAME = "$(TARGET_NAME)";
				SUPPORTED_PLATFORMS = "iphoneos iphonesimulator";
				SUPPORTS_MACCATALYST = NO;
				SUPPORTS_MAC_DESIGNED_FOR_IPHONE_IPAD = NO;
				SUPPORTS_XR_DESIGNED_FOR_IPHONE_IPAD = NO;
				SWIFT_EMIT_LOC_STRINGS = YES;
				SWIFT_VERSION = 5.0;
				TARGETED_DEVICE_FAMILY = 2;
			};
			name = Debug;
		};
		C8DA52F52C2F1B18007D0ACB /* Release */ = {
			isa = XCBuildConfiguration;
			buildSettings = {
				ASSETCATALOG_COMPILER_APPICON_NAME = AppIcon;
				ASSETCATALOG_COMPILER_GLOBAL_ACCENT_COLOR_NAME = AccentColor;
				CODE_SIGN_STYLE = Automatic;
				CURRENT_PROJECT_VERSION = 1;
				DEVELOPMENT_TEAM = D42D4S8LQX;
				ENABLE_PREVIEWS = YES;
				GENERATE_INFOPLIST_FILE = YES;
				INFOPLIST_FILE = Wipple/Info.plist;
				INFOPLIST_KEY_CFBundleDisplayName = Wipple;
				INFOPLIST_KEY_UIApplicationSceneManifest_Generation = YES;
				INFOPLIST_KEY_UIApplicationSupportsIndirectInputEvents = YES;
				INFOPLIST_KEY_UILaunchScreen_Generation = YES;
				INFOPLIST_KEY_UIRequiresFullScreen = NO;
				INFOPLIST_KEY_UISupportedInterfaceOrientations = "UIInterfaceOrientationLandscapeLeft UIInterfaceOrientationLandscapeRight UIInterfaceOrientationPortrait";
				INFOPLIST_KEY_UISupportedInterfaceOrientations_iPad = "UIInterfaceOrientationLandscapeLeft UIInterfaceOrientationLandscapeRight UIInterfaceOrientationPortrait UIInterfaceOrientationPortraitUpsideDown";
				INFOPLIST_KEY_UISupportsDocumentBrowser = YES;
				IPHONEOS_DEPLOYMENT_TARGET = 17.0;
				LD_RUNPATH_SEARCH_PATHS = (
					"$(inherited)",
					"@executable_path/Frameworks",
				);
				MARKETING_VERSION = 1.0;
				PRODUCT_BUNDLE_IDENTIFIER = org.wipple.playground.ios;
				PRODUCT_NAME = "$(TARGET_NAME)";
				SUPPORTED_PLATFORMS = "iphoneos iphonesimulator";
				SUPPORTS_MACCATALYST = NO;
				SUPPORTS_MAC_DESIGNED_FOR_IPHONE_IPAD = NO;
				SUPPORTS_XR_DESIGNED_FOR_IPHONE_IPAD = NO;
				SWIFT_EMIT_LOC_STRINGS = YES;
				SWIFT_VERSION = 5.0;
				TARGETED_DEVICE_FAMILY = 2;
			};
			name = Release;
		};
/* End XCBuildConfiguration section */

/* Begin XCConfigurationList section */
		C8DA52DD2C2F1B17007D0ACB /* Build configuration list for PBXProject "Wipple" */ = {
			isa = XCConfigurationList;
			buildConfigurations = (
				C8DA52F12C2F1B18007D0ACB /* Debug */,
				C8DA52F22C2F1B18007D0ACB /* Release */,
			);
			defaultConfigurationIsVisible = 0;
			defaultConfigurationName = Release;
		};
		C8DA52F32C2F1B18007D0ACB /* Build configuration list for PBXNativeTarget "Wipple" */ = {
			isa = XCConfigurationList;
			buildConfigurations = (
				C8DA52F42C2F1B18007D0ACB /* Debug */,
				C8DA52F52C2F1B18007D0ACB /* Release */,
			);
			defaultConfigurationIsVisible = 0;
			defaultConfigurationName = Release;
		};
/* End XCConfigurationList section */

/* Begin XCRemoteSwiftPackageReference section */
		C86865E82C34227B0046EF42 /* XCRemoteSwiftPackageReference "SwiftyJSON" */ = {
			isa = XCRemoteSwiftPackageReference;
			repositoryURL = "https://github.com/SwiftyJSON/SwiftyJSON";
			requirement = {
				kind = upToNextMajorVersion;
				minimumVersion = 5.0.2;
			};
		};
		C89D94C22C2F1D12006FC09C /* XCRemoteSwiftPackageReference "NanoID" */ = {
			isa = XCRemoteSwiftPackageReference;
			repositoryURL = "https://github.com/Tundaware/NanoID";
			requirement = {
				kind = upToNextMajorVersion;
				minimumVersion = 1.0.4;
			};
		};
		C8E583D42C2F27DF00BF5825 /* XCRemoteSwiftPackageReference "Telegraph" */ = {
			isa = XCRemoteSwiftPackageReference;
			repositoryURL = "https://github.com/Building42/Telegraph.git";
			requirement = {
				kind = upToNextMajorVersion;
				minimumVersion = 0.40.0;
			};
		};
/* End XCRemoteSwiftPackageReference section */

/* Begin XCSwiftPackageProductDependency section */
		C86865E92C34227B0046EF42 /* SwiftyJSON */ = {
			isa = XCSwiftPackageProductDependency;
			package = C86865E82C34227B0046EF42 /* XCRemoteSwiftPackageReference "SwiftyJSON" */;
			productName = SwiftyJSON;
		};
		C89D94C32C2F1D12006FC09C /* NanoID */ = {
			isa = XCSwiftPackageProductDependency;
			package = C89D94C22C2F1D12006FC09C /* XCRemoteSwiftPackageReference "NanoID" */;
			productName = NanoID;
		};
		C8E583D52C2F27DF00BF5825 /* Telegraph */ = {
			isa = XCSwiftPackageProductDependency;
			package = C8E583D42C2F27DF00BF5825 /* XCRemoteSwiftPackageReference "Telegraph" */;
			productName = Telegraph;
		};
/* End XCSwiftPackageProductDependency section */
	};
	rootObject = C8DA52DA2C2F1B17007D0ACB /* Project object */;
}
