{
    "name": "wipple-interpreter",
    "lockfileVersion": 3,
    "requires": true,
    "packages": {
        "": {
            "name": "wipple-interpreter",
            "dependencies": {
                "decimal.js": "^10.5.0",
                "immer": "^10.1.1",
                "string-hash": "^1.1.3"
            },
            "devDependencies": {
                "@types/string-hash": "^1.1.3"
            }
        },
        "node_modules/@types/string-hash": {
            "version": "1.1.3",
            "resolved": "https://registry.npmjs.org/@types/string-hash/-/string-hash-1.1.3.tgz",
            "integrity": "sha512-p6skq756fJWiA59g2Uss+cMl6tpoDGuCBuxG0SI1t0NwJmYOU66LAMS6QiCgu7cUh3/hYCaMl5phcCW1JP5wOA==",
            "dev": true,
            "license": "MIT"
        },
        "node_modules/decimal.js": {
            "version": "10.5.0",
            "resolved": "https://registry.npmjs.org/decimal.js/-/decimal.js-10.5.0.tgz",
            "integrity": "sha512-8vDa8Qxvr/+d94hSh5P3IJwI5t8/c0KsMp+g8bNw9cY2icONa5aPfvKeieW1WlG0WQYwwhJ7mjui2xtiePQSXw==",
            "license": "MIT"
        },
        "node_modules/immer": {
            "version": "10.1.1",
            "resolved": "https://registry.npmjs.org/immer/-/immer-10.1.1.tgz",
            "integrity": "sha512-s2MPrmjovJcoMaHtx6K11Ra7oD05NT97w1IC5zpMkT6Atjr7H8LjaDd81iIxUYpMKSRRNMJE703M1Fhr/TctHw==",
            "license": "MIT",
            "funding": {
                "type": "opencollective",
                "url": "https://opencollective.com/immer"
            }
        },
        "node_modules/string-hash": {
            "version": "1.1.3",
            "resolved": "https://registry.npmjs.org/string-hash/-/string-hash-1.1.3.tgz",
            "integrity": "sha512-kJUvRUFK49aub+a7T1nNE66EJbZBMnBgoC1UbCZ5n6bsZKBRga4KgBRTMn/pFkeCZSYtNeSyMxPDM0AXWELk2A==",
            "license": "CC0-1.0"
        }
    }
}
