{
  "originHash" : "9f8c54dcafd571899e9c43d9f66cdb1d4982b5bffca27f05aef8535048930339",
  "pins" : [
    {
      "identity" : "cocoaasyncsocket",
      "kind" : "remoteSourceControl",
      "location" : "https://github.com/robbiehanson/CocoaAsyncSocket.git",
      "state" : {
        "revision" : "dbdc00669c1ced63b27c3c5f052ee4d28f10150c",
        "version" : "7.6.5"
      }
    },
    {
      "identity" : "httpparserc",
      "kind" : "remoteSourceControl",
      "location" : "https://github.com/Building42/HTTPParserC.git",
      "state" : {
        "revision" : "a32b391977a17c30fceec0f38933a359dfdaf112",
        "version" : "9.2.0"
      }
    },
    {
      "identity" : "nanoid",
      "kind" : "remoteSourceControl",
      "location" : "https://github.com/Tundaware/NanoID",
      "state" : {
        "revision" : "88fbf9ae2cb3962f0085ff29ad3b4a908df31f1f",
        "version" : "1.0.4"
      }
    },
    {
      "identity" : "swiftyjson",
      "kind" : "remoteSourceControl",
      "location" : "https://github.com/SwiftyJSON/SwiftyJSON",
      "state" : {
        "revision" : "af76cf3ef710b6ca5f8c05f3a31307d44a3c5828",
        "version" : "5.0.2"
      }
    },
    {
      "identity" : "telegraph",
      "kind" : "remoteSourceControl",
      "location" : "https://github.com/Building42/Telegraph.git",
      "state" : {
        "revision" : "f56b6726195e271fea397b7dd11c4adc36d5a32d",
        "version" : "0.40.0"
      }
    }
  ],
  "version" : 3
}
